
Microsoft Visual Studio Solution File, Format Version 12.00
# Visual Studio Version 16
VisualStudioVersion = 16.0.30907.101
MinimumVisualStudioVersion = 10.0.40219.1
Project("{8BC9CEB8-8B4A-11D0-8D11-00A0C91BC942}") = "FCMU", "FCMU\FCMU.vcxproj", "{5D1AB02D-FCA8-4AAF-99E2-34108F2CACD8}"
EndProject
Global
	GlobalSection(SolutionConfigurationPlatforms) = preSolution
		Debug|x64 = Debug|x64
		Debug|x86 = Debug|x86
		Release|x64 = Release|x64
		Release|x86 = Release|x86
	EndGlobalSection
	GlobalSection(ProjectConfigurationPlatforms) = postSolution
		{5D1AB02D-FCA8-4AAF-99E2-34108F2CACD8}.Debug|x64.ActiveCfg = Debug|x64
		{5D1AB02D-FCA8-4AAF-99E2-34108F2CACD8}.Debug|x64.Build.0 = Debug|x64
		{5D1AB02D-FCA8-4AAF-99E2-34108F2CACD8}.Debug|x86.ActiveCfg = Debug|Win32
		{5D1AB02D-FCA8-4AAF-99E2-34108F2CACD8}.Debug|x86.Build.0 = Debug|Win32
		{5D1AB02D-FCA8-4AAF-99E2-34108F2CACD8}.Release|x64.ActiveCfg = Release|x64
		{5D1AB02D-FCA8-4AAF-99E2-34108F2CACD8}.Release|x64.Build.0 = Release|x64
		{5D1AB02D-FCA8-4AAF-99E2-34108F2CACD8}.Release|x86.ActiveCfg = Release|Win32
		{5D1AB02D-FCA8-4AAF-99E2-34108F2CACD8}.Release|x86.Build.0 = Release|Win32
	EndGlobalSection
	GlobalSection(SolutionProperties) = preSolution
		HideSolutionNode = FALSE
	EndGlobalSection
	GlobalSection(ExtensibilityGlobals) = postSolution
		SolutionGuid = {243CCD88-30AA-494C-B983-42985A44909C}
	EndGlobalSection
EndGlobal
